Microsoft Visual Studio Solution File, Format Version 12.00
# Visual Studio Version 17
VisualStudioVersion = 17.5.2.0
MinimumVisualStudioVersion = 10.0.40219.1
Project("{FAE04EC0-301F-11D3-BF4B-00C04F79EFBC}") = "CadastroUsuario", "CadastroUsuario.csproj", "{FA776CC0-77F7-ACB5-DBAF-5B1490F0E272}"
EndProject
Global
	GlobalSection(SolutionConfigurationPlatforms) = preSolution
		Debug|Any CPU = Debug|Any CPU
		Release|Any CPU = Release|Any CPU
	EndGlobalSection
	GlobalSection(ProjectConfigurationPlatforms) = postSolution
		{FA776CC0-77F7-ACB5-DBAF-5B1490F0E272}.Debug|Any CPU.ActiveCfg = Debug|Any CPU
		{FA776CC0-77F7-ACB5-DBAF-5B1490F0E272}.Debug|Any CPU.Build.0 = Debug|Any CPU
		{FA776CC0-77F7-ACB5-DBAF-5B1490F0E272}.Release|Any CPU.ActiveCfg = Release|Any CPU
		{FA776CC0-77F7-ACB5-DBAF-5B1490F0E272}.Release|Any CPU.Build.0 = Release|Any CPU
	EndGlobalSection
	GlobalSection(SolutionProperties) = preSolution
		HideSolutionNode = FALSE
	EndGlobalSection
	GlobalSection(ExtensibilityGlobals) = postSolution
		SolutionGuid = {DA0F5385-0BDC-4CC9-8562-0970A4CF9B72}
	EndGlobalSection
EndGlobal
